// !$*UTF8*$!
{
	archiveVersion = 1;
	classes = {
	};
	objectVersion = 50;
	objects = {

/* Begin PBXBuildFile section */
		F14B716621C803B50000D035 /* StartOverViewController.swift in Sources */ = {isa = PBXBuildFile; fileRef = F14B716521C803B50000D035 /* StartOverViewController.swift */; };
		F1A00B7521943A1200F66840 /* AppDelegate.swift in Sources */ = {isa = PBXBuildFile; fileRef = F1A00B7421943A1200F66840 /* AppDelegate.swift */; };
		F1A00B7721943A1200F66840 /* ViewController.swift in Sources */ = {isa = PBXBuildFile; fileRef = F1A00B7621943A1200F66840 /* ViewController.swift */; };
		F1A00B7A21943A1200F66840 /* Main.storyboard in Resources */ = {isa = PBXBuildFile; fileRef = F1A00B7821943A1200F66840 /* Main.storyboard */; };
		F1A00B7C21943A1300F66840 /* Assets.xcassets in Resources */ = {isa = PBXBuildFile; fileRef = F1A00B7B21943A1300F66840 /* Assets.xcassets */; };
		F1A00B7F21943A1300F66840 /* LaunchScreen.storyboard in Resources */ = {isa = PBXBuildFile; fileRef = F1A00B7D21943A1300F66840 /* LaunchScreen.storyboard */; };
		F1A00B8A21943A1300F66840 /* Apple_PieTests.swift in Sources */ = {isa = PBXBuildFile; fileRef = F1A00B8921943A1300F66840 /* Apple_PieTests.swift */; };
		F1A00B9521943A1300F66840 /* Apple_PieUITests.swift in Sources */ = {isa = PBXBuildFile; fileRef = F1A00B9421943A1300F66840 /* Apple_PieUITests.swift */; };
		F1A00BB32194957300F66840 /* Game.swift in Sources */ = {isa = PBXBuildFile; fileRef = F1A00BB22194957300F66840 /* Game.swift */; };
/* End PBXBuildFile section */

/* Begin PBXContainerItemProxy section */
		F1A00B8621943A1300F66840 /* PBXContainerItemProxy */ = {
			isa = PBXContainerItemProxy;
			containerPortal = F1A00B6921943A1200F66840 /* Project object */;
			proxyType = 1;
			remoteGlobalIDString = F1A00B7021943A1200F66840;
			remoteInfo = "Apple Pie";
		};
		F1A00B9121943A1300F66840 /* PBXContainerItemProxy */ = {
			isa = PBXContainerItemProxy;
			containerPortal = F1A00B6921943A1200F66840 /* Project object */;
			proxyType = 1;
			remoteGlobalIDString = F1A00B7021943A1200F66840;
			remoteInfo = "Apple Pie";
		};
/* End PBXContainerItemProxy section */

/* Begin PBXFileReference section */
		F14B716521C803B50000D035 /* StartOverViewController.swift */ = {isa = PBXFileReference; lastKnownFileType = sourcecode.swift; path = StartOverViewController.swift; sourceTree = "<group>"; };
		F1A00B7121943A1200F66840 /* Apple Pie.app */ = {isa = PBXFileReference; explicitFileType = wrapper.application; includeInIndex = 0; path = "Apple Pie.app"; sourceTree = BUILT_PRODUCTS_DIR; };
		F1A00B7421943A1200F66840 /* AppDelegate.swift */ = {isa = PBXFileReference; lastKnownFileType = sourcecode.swift; path = AppDelegate.swift; sourceTree = "<group>"; };
		F1A00B7621943A1200F66840 /* ViewController.swift */ = {isa = PBXFileReference; lastKnownFileType = sourcecode.swift; path = ViewController.swift; sourceTree = "<group>"; };
		F1A00B7921943A1200F66840 /* Base */ = {isa = PBXFileReference; lastKnownFileType = file.storyboard; name = Base; path = Base.lproj/Main.storyboard; sourceTree = "<group>"; };
		F1A00B7B21943A1300F66840 /* Assets.xcassets */ = {isa = PBXFileReference; lastKnownFileType = folder.assetcatalog; path = Assets.xcassets; sourceTree = "<group>"; };
		F1A00B7E21943A1300F66840 /* Base */ = {isa = PBXFileReference; lastKnownFileType = file.storyboard; name = Base; path = Base.lproj/LaunchScreen.storyboard; sourceTree = "<group>"; };
		F1A00B8021943A1300F66840 /* Info.plist */ = {isa = PBXFileReference; lastKnownFileType = text.plist.xml; path = Info.plist; sourceTree = "<group>"; };
		F1A00B8521943A1300F66840 /* Apple PieTests.xctest */ = {isa = PBXFileReference; explicitFileType = wrapper.cfbundle; includeInIndex = 0; path = "Apple PieTests.xctest"; sourceTree = BUILT_PRODUCTS_DIR; };
		F1A00B8921943A1300F66840 /* Apple_PieTests.swift */ = {isa = PBXFileReference; lastKnownFileType = sourcecode.swift; path = Apple_PieTests.swift; sourceTree = "<group>"; };
		F1A00B8B21943A1300F66840 /* Info.plist */ = {isa = PBXFileReference; lastKnownFileType = text.plist.xml; path = Info.plist; sourceTree = "<group>"; };
		F1A00B9021943A1300F66840 /* Apple PieUITests.xctest */ = {isa = PBXFileReference; explicitFileType = wrapper.cfbundle; includeInIndex = 0; path = "Apple PieUITests.xctest"; sourceTree = BUILT_PRODUCTS_DIR; };
		F1A00B9421943A1300F66840 /* Apple_PieUITests.swift */ = {isa = PBXFileReference; lastKnownFileType = sourcecode.swift; path = Apple_PieUITests.swift; sourceTree = "<group>"; };
		F1A00B9621943A1300F66840 /* Info.plist */ = {isa = PBXFileReference; lastKnownFileType = text.plist.xml; path = Info.plist; sourceTree = "<group>"; };
		F1A00BB22194957300F66840 /* Game.swift */ = {isa = PBXFileReference; lastKnownFileType = sourcecode.swift; path = Game.swift; sourceTree = "<group>"; };
/* End PBXFileReference section */

/* Begin PBXFrameworksBuildPhase section */
		F1A00B6E21943A1200F66840 /* Frameworks */ = {
			isa = PBXFrameworksBuildPhase;
			buildActionMask = 2147483647;
			files = (
			);
			runOnlyForDeploymentPostprocessing = 0;
		};
		F1A00B8221943A1300F66840 /* Frameworks */ = {
			isa = PBXFrameworksBuildPhase;
			buildActionMask = 2147483647;
			files = (
			);
			runOnlyForDeploymentPostprocessing = 0;
		};
		F1A00B8D21943A1300F66840 /* Frameworks */ = {
			isa = PBXFrameworksBuildPhase;
			buildActionMask = 2147483647;
			files = (
			);
			runOnlyForDeploymentPostprocessing = 0;
		};
/* End PBXFrameworksBuildPhase section */

/* Begin PBXGroup section */
		F1A00B6821943A1200F66840 = {
			isa = PBXGroup;
			children = (
				F1A00B7321943A1200F66840 /* Apple Pie */,
				F1A00B8821943A1300F66840 /* Apple PieTests */,
				F1A00B9321943A1300F66840 /* Apple PieUITests */,
				F1A00B7221943A1200F66840 /* Products */,
			);
			sourceTree = "<group>";
		};
		F1A00B7221943A1200F66840 /* Products */ = {
			isa = PBXGroup;
			children = (
				F1A00B7121943A1200F66840 /* Apple Pie.app */,
				F1A00B8521943A1300F66840 /* Apple PieTests.xctest */,
				F1A00B9021943A1300F66840 /* Apple PieUITests.xctest */,
			);
			name = Products;
			sourceTree = "<group>";
		};
		F1A00B7321943A1200F66840 /* Apple Pie */ = {
			isa = PBXGroup;
			children = (
				F1A00B7421943A1200F66840 /* AppDelegate.swift */,
				F1A00B7621943A1200F66840 /* ViewController.swift */,
				F1A00B7821943A1200F66840 /* Main.storyboard */,
				F14B716521C803B50000D035 /* StartOverViewController.swift */,
				F1A00BB22194957300F66840 /* Game.swift */,
				F1A00B7B21943A1300F66840 /* Assets.xcassets */,
				F1A00B7D21943A1300F66840 /* LaunchScreen.storyboard */,
				F1A00B8021943A1300F66840 /* Info.plist */,
			);
			path = "Apple Pie";
			sourceTree = "<group>";
		};
		F1A00B8821943A1300F66840 /* Apple PieTests */ = {
			isa = PBXGroup;
			children = (
				F1A00B8921943A1300F66840 /* Apple_PieTests.swift */,
				F1A00B8B21943A1300F66840 /* Info.plist */,
			);
			path = "Apple PieTests";
			sourceTree = "<group>";
		};
		F1A00B9321943A1300F66840 /* Apple PieUITests */ = {
			isa = PBXGroup;
			children = (
				F1A00B9421943A1300F66840 /* Apple_PieUITests.swift */,
				F1A00B9621943A1300F66840 /* Info.plist */,
			);
			path = "Apple PieUITests";
			sourceTree = "<group>";
		};
/* End PBXGroup section */

/* Begin PBXNativeTarget section */
		F1A00B7021943A1200F66840 /* Apple Pie */ = {
			isa = PBXNativeTarget;
			buildConfigurationList = F1A00B9921943A1300F66840 /* Build configuration list for PBXNativeTarget "Apple Pie" */;
			buildPhases = (
				F1A00B6D21943A1200F66840 /* Sources */,
				F1A00B6E21943A1200F66840 /* Frameworks */,
				F1A00B6F21943A1200F66840 /* Resources */,
			);
			buildRules = (
			);
			dependencies = (
			);
			name = "Apple Pie";
			productName = "Apple Pie";
			productReference = F1A00B7121943A1200F66840 /* Apple Pie.app */;
			productType = "com.apple.product-type.application";
		};
		F1A00B8421943A1300F66840 /* Apple PieTests */ = {
			isa = PBXNativeTarget;
			buildConfigurationList = F1A00B9C21943A1300F66840 /* Build configuration list for PBXNativeTarget "Apple PieTests" */;
			buildPhases = (
				F1A00B8121943A1300F66840 /* Sources */,
				F1A00B8221943A1300F66840 /* Frameworks */,
				F1A00B8321943A1300F66840 /* Resources */,
			);
			buildRules = (
			);
			dependencies = (
				F1A00B8721943A1300F66840 /* PBXTargetDependency */,
			);
			name = "Apple PieTests";
			productName = "Apple PieTests";
			productReference = F1A00B8521943A1300F66840 /* Apple PieTests.xctest */;
			productType = "com.apple.product-type.bundle.unit-test";
		};
		F1A00B8F21943A1300F66840 /* Apple PieUITests */ = {
			isa = PBXNativeTarget;
			buildConfigurationList = F1A00B9F21943A1300F66840 /* Build configuration list for PBXNativeTarget "Apple PieUITests" */;
			buildPhases = (
				F1A00B8C21943A1300F66840 /* Sources */,
				F1A00B8D21943A1300F66840 /* Frameworks */,
				F1A00B8E21943A1300F66840 /* Resources */,
			);
			buildRules = (
			);
			dependencies = (
				F1A00B9221943A1300F66840 /* PBXTargetDependency */,
			);
			name = "Apple PieUITests";
			productName = "Apple PieUITests";
			productReference = F1A00B9021943A1300F66840 /* Apple PieUITests.xctest */;
			productType = "com.apple.product-type.bundle.ui-testing";
		};
/* End PBXNativeTarget section */

/* Begin PBXProject section */
		F1A00B6921943A1200F66840 /* Project object */ = {
			isa = PBXProject;
			attributes = {
				LastSwiftUpdateCheck = 1010;
				LastUpgradeCheck = 1010;
				ORGANIZATIONNAME = "Sterre Smit";
				TargetAttributes = {
					F1A00B7021943A1200F66840 = {
						CreatedOnToolsVersion = 10.1;
					};
					F1A00B8421943A1300F66840 = {
						CreatedOnToolsVersion = 10.1;
						TestTargetID = F1A00B7021943A1200F66840;
					};
					F1A00B8F21943A1300F66840 = {
						CreatedOnToolsVersion = 10.1;
						TestTargetID = F1A00B7021943A1200F66840;
					};
				};
			};
			buildConfigurationList = F1A00B6C21943A1200F66840 /* Build configuration list for PBXProject "Apple Pie" */;
			compatibilityVersion = "Xcode 9.3";
			developmentRegion = en;
			hasScannedForEncodings = 0;
			knownRegions = (
				en,
				Base,
			);
			mainGroup = F1A00B6821943A1200F66840;
			productRefGroup = F1A00B7221943A1200F66840 /* Products */;
			projectDirPath = "";
			projectRoot = "";
			targets = (
				F1A00B7021943A1200F66840 /* Apple Pie */,
				F1A00B8421943A1300F66840 /* Apple PieTests */,
				F1A00B8F21943A1300F66840 /* Apple PieUITests */,
			);
		};
/* End PBXProject section */

/* Begin PBXResourcesBuildPhase section */
		F1A00B6F21943A1200F66840 /* Resources */ = {
			isa = PBXResourcesBuildPhase;
			buildActionMask = 2147483647;
			files = (
				F1A00B7F21943A1300F66840 /* LaunchScreen.storyboard in Resources */,
				F1A00B7C21943A1300F66840 /* Assets.xcassets in Resources */,
				F1A00B7A21943A1200F66840 /* Main.storyboard in Resources */,
			);
			runOnlyForDeploymentPostprocessing = 0;
		};
		F1A00B8321943A1300F66840 /* Resources */ = {
			isa = PBXResourcesBuildPhase;
			buildActionMask = 2147483647;
			files = (
			);
			runOnlyForDeploymentPostprocessing = 0;
		};
		F1A00B8E21943A1300F66840 /* Resources */ = {
			isa = PBXResourcesBuildPhase;
			buildActionMask = 2147483647;
			files = (
			);
			runOnlyForDeploymentPostprocessing = 0;
		};
/* End PBXResourcesBuildPhase section */

/* Begin PBXSourcesBuildPhase section */
		F1A00B6D21943A1200F66840 /* Sources */ = {
			isa = PBXSourcesBuildPhase;
			buildActionMask = 2147483647;
			files = (
				F1A00B7721943A1200F66840 /* ViewController.swift in Sources */,
				F14B716621C803B50000D035 /* StartOverViewController.swift in Sources */,
				F1A00BB32194957300F66840 /* Game.swift in Sources */,
				F1A00B7521943A1200F66840 /* AppDelegate.swift in Sources */,
			);
			runOnlyForDeploymentPostprocessing = 0;
		};
		F1A00B8121943A1300F66840 /* Sources */ = {
			isa = PBXSourcesBuildPhase;
			buildActionMask = 2147483647;
			files = (
				F1A00B8A21943A1300F66840 /* Apple_PieTests.swift in Sources */,
			);
			runOnlyForDeploymentPostprocessing = 0;
		};
		F1A00B8C21943A1300F66840 /* Sources */ = {
			isa = PBXSourcesBuildPhase;
			buildActionMask = 2147483647;
			files = (
				F1A00B9521943A1300F66840 /* Apple_PieUITests.swift in Sources */,
			);
			runOnlyForDeploymentPostprocessing = 0;
		};
/* End PBXSourcesBuildPhase section */

/* Begin PBXTargetDependency section */
		F1A00B8721943A1300F66840 /* PBXTargetDependency */ = {
			isa = PBXTargetDependency;
			target = F1A00B7021943A1200F66840 /* Apple Pie */;
			targetProxy = F1A00B8621943A1300F66840 /* PBXContainerItemProxy */;
		};
		F1A00B9221943A1300F66840 /* PBXTargetDependency */ = {
			isa = PBXTargetDependency;
			target = F1A00B7021943A1200F66840 /* Apple Pie */;
			targetProxy = F1A00B9121943A1300F66840 /* PBXContainerItemProxy */;
		};
/* End PBXTargetDependency section */

/* Begin PBXVariantGroup section */
		F1A00B7821943A1200F66840 /* Main.storyboard */ = {
			isa = PBXVariantGroup;
			children = (
				F1A00B7921943A1200F66840 /* Base */,
			);
			name = Main.storyboard;
			sourceTree = "<group>";
		};
		F1A00B7D21943A1300F66840 /* LaunchScreen.storyboard */ = {
			isa = PBXVariantGroup;
			children = (
				F1A00B7E21943A1300F66840 /* Base */,
			);
			name = LaunchScreen.storyboard;
			sourceTree = "<group>";
		};
/* End PBXVariantGroup section */

/* Begin XCBuildConfiguration section */
		F1A00B9721943A1300F66840 /* Debug */ = {
			isa = XCBuildConfiguration;
			buildSettings = {
				ALWAYS_SEARCH_USER_PATHS = NO;
				CLANG_ANALYZER_NONNULL = YES;
				CLANG_ANALYZER_NUMBER_OBJECT_CONVERSION = YES_AGGRESSIVE;
				CLANG_CXX_LANGUAGE_STANDARD = "gnu++14";
				CLANG_CXX_LIBRARY = "libc++";
				CLANG_ENABLE_MODULES = YES;
				CLANG_ENABLE_OBJC_ARC = YES;
				CLANG_ENABLE_OBJC_WEAK = YES;
				CLANG_WARN_BLOCK_CAPTURE_AUTORELEASING = YES;
				CLANG_WARN_BOOL_CONVERSION = YES;
				CLANG_WARN_COMMA = YES;
				CLANG_WARN_CONSTANT_CONVERSION = YES;
				CLANG_WARN_DEPRECATED_OBJC_IMPLEMENTATIONS = YES;
				CLANG_WARN_DIRECT_OBJC_ISA_USAGE = YES_ERROR;
				CLANG_WARN_DOCUMENTATION_COMMENTS = YES;
				CLANG_WARN_EMPTY_BODY = YES;
				CLANG_WARN_ENUM_CONVERSION = YES;
				CLANG_WARN_INFINITE_RECURSION = YES;
				CLANG_WARN_INT_CONVERSION = YES;
				CLANG_WARN_NON_LITERAL_NULL_CONVERSION = YES;
				CLANG_WARN_OBJC_IMPLICIT_RETAIN_SELF = YES;
				CLANG_WARN_OBJC_LITERAL_CONVERSION = YES;
				CLANG_WARN_OBJC_ROOT_CLASS = YES_ERROR;
				CLANG_WARN_RANGE_LOOP_ANALYSIS = YES;
				CLANG_WARN_STRICT_PROTOTYPES = YES;
				CLANG_WARN_SUSPICIOUS_MOVE = YES;
				CLANG_WARN_UNGUARDED_AVAILABILITY = YES_AGGRESSIVE;
				CLANG_WARN_UNREACHABLE_CODE = YES;
				CLANG_WARN__DUPLICATE_METHOD_MATCH = YES;
				CODE_SIGN_IDENTITY = "iPhone Developer";
				COPY_PHASE_STRIP = NO;
				DEBUG_INFORMATION_FORMAT = dwarf;
				ENABLE_STRICT_OBJC_MSGSEND = YES;
				ENABLE_TESTABILITY = YES;
				GCC_C_LANGUAGE_STANDARD = gnu11;
				GCC_DYNAMIC_NO_PIC = NO;
				GCC_NO_COMMON_BLOCKS = YES;
				GCC_OPTIMIZATION_LEVEL = 0;
				GCC_PREPROCESSOR_DEFINITIONS = (
					"DEBUG=1",
					"$(inherited)",
				);
				GCC_WARN_64_TO_32_BIT_CONVERSION = YES;
				GCC_WARN_ABOUT_RETURN_TYPE = YES_ERROR;
				GCC_WARN_UNDECLARED_SELECTOR = YES;
				GCC_WARN_UNINITIALIZED_AUTOS = YES_AGGRESSIVE;
				GCC_WARN_UNUSED_FUNCTION = YES;
				GCC_WARN_UNUSED_VARIABLE = YES;
				IPHONEOS_DEPLOYMENT_TARGET = 12.1;
				MTL_ENABLE_DEBUG_INFO = INCLUDE_SOURCE;
				MTL_FAST_MATH = YES;
				ONLY_ACTIVE_ARCH = YES;
				SDKROOT = iphoneos;
				SWIFT_ACTIVE_COMPILATION_CONDITIONS = DEBUG;
				SWIFT_OPTIMIZATION_LEVEL = "-Onone";
			};
			name = Debug;
		};
		F1A00B9821943A1300F66840 /* Release */ = {
			isa = XCBuildConfiguration;
			buildSettings = {
				ALWAYS_SEARCH_USER_PATHS = NO;
				CLANG_ANALYZER_NONNULL = YES;
				CLANG_ANALYZER_NUMBER_OBJECT_CONVERSION = YES_AGGRESSIVE;
				CLANG_CXX_LANGUAGE_STANDARD = "gnu++14";
				CLANG_CXX_LIBRARY = "libc++";
				CLANG_ENABLE_MODULES = YES;
				CLANG_ENABLE_OBJC_ARC = YES;
				CLANG_ENABLE_OBJC_WEAK = YES;
				CLANG_WARN_BLOCK_CAPTURE_AUTORELEASING = YES;
				CLANG_WARN_BOOL_CONVERSION = YES;
				CLANG_WARN_COMMA = YES;
				CLANG_WARN_CONSTANT_CONVERSION = YES;
				CLANG_WARN_DEPRECATED_OBJC_IMPLEMENTATIONS = YES;
				CLANG_WARN_DIRECT_OBJC_ISA_USAGE = YES_ERROR;
				CLANG_WARN_DOCUMENTATION_COMMENTS = YES;
				CLANG_WARN_EMPTY_BODY = YES;
				CLANG_WARN_ENUM_CONVERSION = YES;
				CLANG_WARN_INFINITE_RECURSION = YES;
				CLANG_WARN_INT_CONVERSION = YES;
				CLANG_WARN_NON_LITERAL_NULL_CONVERSION = YES;
				CLANG_WARN_OBJC_IMPLICIT_RETAIN_SELF = YES;
				CLANG_WARN_OBJC_LITERAL_CONVERSION = YES;
				CLANG_WARN_OBJC_ROOT_CLASS = YES_ERROR;
				CLANG_WARN_RANGE_LOOP_ANALYSIS = YES;
				CLANG_WARN_STRICT_PROTOTYPES = YES;
				CLANG_WARN_SUSPICIOUS_MOVE = YES;
				CLANG_WARN_UNGUARDED_AVAILABILITY = YES_AGGRESSIVE;
				CLANG_WARN_UNREACHABLE_CODE = YES;
				CLANG_WARN__DUPLICATE_METHOD_MATCH = YES;
				CODE_SIGN_IDENTITY = "iPhone Developer";
				COPY_PHASE_STRIP = NO;
				DEBUG_INFORMATION_FORMAT = "dwarf-with-dsym";
				ENABLE_NS_ASSERTIONS = NO;
				ENABLE_STRICT_OBJC_MSGSEND = YES;
				GCC_C_LANGUAGE_STANDARD = gnu11;
				GCC_NO_COMMON_BLOCKS = YES;
				GCC_WARN_64_TO_32_BIT_CONVERSION = YES;
				GCC_WARN_ABOUT_RETURN_TYPE = YES_ERROR;
				GCC_WARN_UNDECLARED_SELECTOR = YES;
				GCC_WARN_UNINITIALIZED_AUTOS = YES_AGGRESSIVE;
				GCC_WARN_UNUSED_FUNCTION = YES;
				GCC_WARN_UNUSED_VARIABLE = YES;
				IPHONEOS_DEPLOYMENT_TARGET = 12.1;
				MTL_ENABLE_DEBUG_INFO = NO;
				MTL_FAST_MATH = YES;
				SDKROOT = iphoneos;
				SWIFT_COMPILATION_MODE = wholemodule;
				SWIFT_OPTIMIZATION_LEVEL = "-O";
				VALIDATE_PRODUCT = YES;
			};
			name = Release;
		};
		F1A00B9A21943A1300F66840 /* Debug */ = {
			isa = XCBuildConfiguration;
			buildSettings = {
				ASSETCATALOG_COMPILER_APPICON_NAME = AppIcon;
				CODE_SIGN_IDENTITY = "iPhone Developer";
				CODE_SIGN_STYLE = Automatic;
				DEVELOPMENT_TEAM = JBAW2556FG;
				INFOPLIST_FILE = "Apple Pie/Info.plist";
				LD_RUNPATH_SEARCH_PATHS = (
					"$(inherited)",
					"@executable_path/Frameworks",
				);
				PRODUCT_BUNDLE_IDENTIFIER = "nl.mprog.Apple-Pie";
				PRODUCT_NAME = "$(TARGET_NAME)";
				PROVISIONING_PROFILE_SPECIFIER = "";
				SWIFT_VERSION = 4.2;
				TARGETED_DEVICE_FAMILY = 2;
			};
			name = Debug;
		};
		F1A00B9B21943A1300F66840 /* Release */ = {
			isa = XCBuildConfiguration;
			buildSettings = {
				ASSETCATALOG_COMPILER_APPICON_NAME = AppIcon;
				CODE_SIGN_IDENTITY = "iPhone Developer";
				CODE_SIGN_STYLE = Automatic;
				DEVELOPMENT_TEAM = JBAW2556FG;
				INFOPLIST_FILE = "Apple Pie/Info.plist";
				LD_RUNPATH_SEARCH_PATHS = (
					"$(inherited)",
					"@executable_path/Frameworks",
				);
				PRODUCT_BUNDLE_IDENTIFIER = "nl.mprog.Apple-Pie";
				PRODUCT_NAME = "$(TARGET_NAME)";
				PROVISIONING_PROFILE_SPECIFIER = "";
				SWIFT_VERSION = 4.2;
				TARGETED_DEVICE_FAMILY = 2;
			};
			name = Release;
		};
		F1A00B9D21943A1300F66840 /* Debug */ = {
			isa = XCBuildConfiguration;
			buildSettings = {
				ALWAYS_EMBED_SWIFT_STANDARD_LIBRARIES = YES;
				BUNDLE_LOADER = "$(TEST_HOST)";
				CODE_SIGN_STYLE = Automatic;
				DEVELOPMENT_TEAM = JBAW2556FG;
				INFOPLIST_FILE = "Apple PieTests/Info.plist";
				LD_RUNPATH_SEARCH_PATHS = (
					"$(inherited)",
					"@executable_path/Frameworks",
					"@loader_path/Frameworks",
				);
				PRODUCT_BUNDLE_IDENTIFIER = "nl.mprog.Apple-PieTests";
				PRODUCT_NAME = "$(TARGET_NAME)";
				SWIFT_VERSION = 4.2;
				TARGETED_DEVICE_FAMILY = "1,2";
				TEST_HOST = "$(BUILT_PRODUCTS_DIR)/Apple Pie.app/Apple Pie";
			};
			name = Debug;
		};
		F1A00B9E21943A1300F66840 /* Release */ = {
			isa = XCBuildConfiguration;
			buildSettings = {
				ALWAYS_EMBED_SWIFT_STANDARD_LIBRARIES = YES;
				BUNDLE_LOADER = "$(TEST_HOST)";
				CODE_SIGN_STYLE = Automatic;
				DEVELOPMENT_TEAM = JBAW2556FG;
				INFOPLIST_FILE = "Apple PieTests/Info.plist";
				LD_RUNPATH_SEARCH_PATHS = (
					"$(inherited)",
					"@executable_path/Frameworks",
					"@loader_path/Frameworks",
				);
				PRODUCT_BUNDLE_IDENTIFIER = "nl.mprog.Apple-PieTests";
				PRODUCT_NAME = "$(TARGET_NAME)";
				SWIFT_VERSION = 4.2;
				TARGETED_DEVICE_FAMILY = "1,2";
				TEST_HOST = "$(BUILT_PRODUCTS_DIR)/Apple Pie.app/Apple Pie";
			};
			name = Release;
		};
		F1A00BA021943A1300F66840 /* Debug */ = {
			isa = XCBuildConfiguration;
			buildSettings = {
				ALWAYS_EMBED_SWIFT_STANDARD_LIBRARIES = YES;
				CODE_SIGN_STYLE = Automatic;
				DEVELOPMENT_TEAM = JBAW2556FG;
				INFOPLIST_FILE = "Apple PieUITests/Info.plist";
				LD_RUNPATH_SEARCH_PATHS = (
					"$(inherited)",
					"@executable_path/Frameworks",
					"@loader_path/Frameworks",
				);
				PRODUCT_BUNDLE_IDENTIFIER = "nl.mprog.Apple-PieUITests";
				PRODUCT_NAME = "$(TARGET_NAME)";
				SWIFT_VERSION = 4.2;
				TARGETED_DEVICE_FAMILY = "1,2";
				TEST_TARGET_NAME = "Apple Pie";
			};
			name = Debug;
		};
		F1A00BA121943A1300F66840 /* Release */ = {
			isa = XCBuildConfiguration;
			buildSettings = {
				ALWAYS_EMBED_SWIFT_STANDARD_LIBRARIES = YES;
				CODE_SIGN_STYLE = Automatic;
				DEVELOPMENT_TEAM = JBAW2556FG;
				INFOPLIST_FILE = "Apple PieUITests/Info.plist";
				LD_RUNPATH_SEARCH_PATHS = (
					"$(inherited)",
					"@executable_path/Frameworks",
					"@loader_path/Frameworks",
				);
				PRODUCT_BUNDLE_IDENTIFIER = "nl.mprog.Apple-PieUITests";
				PRODUCT_NAME = "$(TARGET_NAME)";
				SWIFT_VERSION = 4.2;
				TARGETED_DEVICE_FAMILY = "1,2";
				TEST_TARGET_NAME = "Apple Pie";
			};
			name = Release;
		};
/* End XCBuildConfiguration section */

/* Begin XCConfigurationList section */
		F1A00B6C21943A1200F66840 /* Build configuration list for PBXProject "Apple Pie" */ = {
			isa = XCConfigurationList;
			buildConfigurations = (
				F1A00B9721943A1300F66840 /* Debug */,
				F1A00B9821943A1300F66840 /* Release */,
			);
			defaultConfigurationIsVisible = 0;
			defaultConfigurationName = Release;
		};
		F1A00B9921943A1300F66840 /* Build configuration list for PBXNativeTarget "Apple Pie" */ = {
			isa = XCConfigurationList;
			buildConfigurations = (
				F1A00B9A21943A1300F66840 /* Debug */,
				F1A00B9B21943A1300F66840 /* Release */,
			);
			defaultConfigurationIsVisible = 0;
			defaultConfigurationName = Release;
		};
		F1A00B9C21943A1300F66840 /* Build configuration list for PBXNativeTarget "Apple PieTests" */ = {
			isa = XCConfigurationList;
			buildConfigurations = (
				F1A00B9D21943A1300F66840 /* Debug */,
				F1A00B9E21943A1300F66840 /* Release */,
			);
			defaultConfigurationIsVisible = 0;
			defaultConfigurationName = Release;
		};
		F1A00B9F21943A1300F66840 /* Build configuration list for PBXNativeTarget "Apple PieUITests" */ = {
			isa = XCConfigurationList;
			buildConfigurations = (
				F1A00BA021943A1300F66840 /* Debug */,
				F1A00BA121943A1300F66840 /* Release */,
			);
			defaultConfigurationIsVisible = 0;
			defaultConfigurationName = Release;
		};
/* End XCConfigurationList section */
	};
	rootObject = F1A00B6921943A1200F66840 /* Project object */;
}
